// !$*UTF8*$!
{
	archiveVersion = 1;
	classes = {
	};
	objectVersion = 56;
	objects = {

/* Begin PBXBuildFile section */
		1227AD612BE6E8D900B88F1C /* ExperienceText.swift in Sources */ = {isa = PBXBuildFile; fileRef = 1227AD602BE6E8D900B88F1C /* ExperienceText.swift */; };
		1227AD652BEAB57400B88F1C /* ExpandableHeader.swift in Sources */ = {isa = PBXBuildFile; fileRef = 1227AD642BEAB57400B88F1C /* ExpandableHeader.swift */; };
		D4384B832BDEB421006C824F /* fffApp.swift in Sources */ = {isa = PBXBuildFile; fileRef = D4384B822BDEB421006C824F /* fffApp.swift */; };
		D4384B852BDEB421006C824F /* ContentView.swift in Sources */ = {isa = PBXBuildFile; fileRef = D4384B842BDEB421006C824F /* ContentView.swift */; };
		D4384B872BDEB423006C824F /* Assets.xcassets in Resources */ = {isa = PBXBuildFile; fileRef = D4384B862BDEB423006C824F /* Assets.xcassets */; };
		D4384B8A2BDEB423006C824F /* Preview Assets.xcassets in Resources */ = {isa = PBXBuildFile; fileRef = D4384B892BDEB423006C824F /* Preview Assets.xcassets */; };
		D4384B912BDEB7D8006C824F /* Color+Extensions.swift in Sources */ = {isa = PBXBuildFile; fileRef = D4384B902BDEB7D8006C824F /* Color+Extensions.swift */; };
		D4BC812D2BE4288700B5F162 /* AppColors.swift in Sources */ = {isa = PBXBuildFile; fileRef = D4BC812C2BE4288700B5F162 /* AppColors.swift */; };
/* End PBXBuildFile section */

/* Begin PBXFileReference section */
		1227AD602BE6E8D900B88F1C /* ExperienceText.swift */ = {isa = PBXFileReference; lastKnownFileType = sourcecode.swift; path = ExperienceText.swift; sourceTree = "<group>"; };
		1227AD642BEAB57400B88F1C /* ExpandableHeader.swift */ = {isa = PBXFileReference; lastKnownFileType = sourcecode.swift; path = ExpandableHeader.swift; sourceTree = "<group>"; };
		D4384B7F2BDEB421006C824F /* fff.app */ = {isa = PBXFileReference; explicitFileType = wrapper.application; includeInIndex = 0; path = fff.app; sourceTree = BUILT_PRODUCTS_DIR; };
		D4384B822BDEB421006C824F /* fffApp.swift */ = {isa = PBXFileReference; lastKnownFileType = sourcecode.swift; path = fffApp.swift; sourceTree = "<group>"; };
		D4384B842BDEB421006C824F /* ContentView.swift */ = {isa = PBXFileReference; lastKnownFileType = sourcecode.swift; path = ContentView.swift; sourceTree = "<group>"; };
		D4384B862BDEB423006C824F /* Assets.xcassets */ = {isa = PBXFileReference; lastKnownFileType = folder.assetcatalog; path = Assets.xcassets; sourceTree = "<group>"; };
		D4384B892BDEB423006C824F /* Preview Assets.xcassets */ = {isa = PBXFileReference; lastKnownFileType = folder.assetcatalog; path = "Preview Assets.xcassets"; sourceTree = "<group>"; };
		D4384B902BDEB7D8006C824F /* Color+Extensions.swift */ = {isa = PBXFileReference; lastKnownFileType = sourcecode.swift; path = "Color+Extensions.swift"; sourceTree = "<group>"; };
		D4BC812C2BE4288700B5F162 /* AppColors.swift */ = {isa = PBXFileReference; lastKnownFileType = sourcecode.swift; path = AppColors.swift; sourceTree = "<group>"; };
/* End PBXFileReference section */

/* Begin PBXFrameworksBuildPhase section */
		D4384B7C2BDEB421006C824F /* Frameworks */ = {
			isa = PBXFrameworksBuildPhase;
			buildActionMask = 2147483647;
			files = (
			);
			runOnlyForDeploymentPostprocessing = 0;
		};
/* End PBXFrameworksBuildPhase section */

/* Begin PBXGroup section */
		1227AD622BEAB51100B88F1C /* Reusable Elements */ = {
			isa = PBXGroup;
			children = (
				1227AD602BE6E8D900B88F1C /* ExperienceText.swift */,
				1227AD642BEAB57400B88F1C /* ExpandableHeader.swift */,
			);
			path = "Reusable Elements";
			sourceTree = "<group>";
		};
		1227AD632BEAB54900B88F1C /* Utils */ = {
			isa = PBXGroup;
			children = (
				D4384B902BDEB7D8006C824F /* Color+Extensions.swift */,
				D4BC812C2BE4288700B5F162 /* AppColors.swift */,
			);
			path = Utils;
			sourceTree = "<group>";
		};
		D4384B762BDEB421006C824F = {
			isa = PBXGroup;
			children = (
				D4384B812BDEB421006C824F /* fff */,
				D4384B802BDEB421006C824F /* Products */,
			);
			sourceTree = "<group>";
		};
		D4384B802BDEB421006C824F /* Products */ = {
			isa = PBXGroup;
			children = (
				D4384B7F2BDEB421006C824F /* fff.app */,
			);
			name = Products;
			sourceTree = "<group>";
		};
		D4384B812BDEB421006C824F /* fff */ = {
			isa = PBXGroup;
			children = (
				1227AD632BEAB54900B88F1C /* Utils */,
				1227AD622BEAB51100B88F1C /* Reusable Elements */,
				D4384B822BDEB421006C824F /* fffApp.swift */,
				D4384B842BDEB421006C824F /* ContentView.swift */,
				D4384B862BDEB423006C824F /* Assets.xcassets */,
				D4384B882BDEB423006C824F /* Preview Content */,
			);
			path = fff;
			sourceTree = "<group>";
		};
		D4384B882BDEB423006C824F /* Preview Content */ = {
			isa = PBXGroup;
			children = (
				D4384B892BDEB423006C824F /* Preview Assets.xcassets */,
			);
			path = "Preview Content";
			sourceTree = "<group>";
		};
/* End PBXGroup section */

/* Begin PBXNativeTarget section */
		D4384B7E2BDEB421006C824F /* fff */ = {
			isa = PBXNativeTarget;
			buildConfigurationList = D4384B8D2BDEB423006C824F /* Build configuration list for PBXNativeTarget "fff" */;
			buildPhases = (
				D4384B7B2BDEB421006C824F /* Sources */,
				D4384B7C2BDEB421006C824F /* Frameworks */,
				D4384B7D2BDEB421006C824F /* Resources */,
			);
			buildRules = (
			);
			dependencies = (
			);
			name = fff;
			productName = fff;
			productReference = D4384B7F2BDEB421006C824F /* fff.app */;
			productType = "com.apple.product-type.application";
		};
/* End PBXNativeTarget section */

/* Begin PBXProject section */
		D4384B772BDEB421006C824F /* Project object */ = {
			isa = PBXProject;
			attributes = {
				BuildIndependentTargetsInParallel = 1;
				LastSwiftUpdateCheck = 1510;
				LastUpgradeCheck = 1510;
				TargetAttributes = {
					D4384B7E2BDEB421006C824F = {
						CreatedOnToolsVersion = 15.1;
					};
				};
			};
			buildConfigurationList = D4384B7A2BDEB421006C824F /* Build configuration list for PBXProject "fff" */;
			compatibilityVersion = "Xcode 14.0";
			developmentRegion = en;
			hasScannedForEncodings = 0;
			knownRegions = (
				en,
				Base,
			);
			mainGroup = D4384B762BDEB421006C824F;
			productRefGroup = D4384B802BDEB421006C824F /* Products */;
			projectDirPath = "";
			projectRoot = "";
			targets = (
				D4384B7E2BDEB421006C824F /* fff */,
			);
		};
/* End PBXProject section */

/* Begin PBXResourcesBuildPhase section */
		D4384B7D2BDEB421006C824F /* Resources */ = {
			isa = PBXResourcesBuildPhase;
			buildActionMask = 2147483647;
			files = (
				D4384B8A2BDEB423006C824F /* Preview Assets.xcassets in Resources */,
				D4384B872BDEB423006C824F /* Assets.xcassets in Resources */,
			);
			runOnlyForDeploymentPostprocessing = 0;
		};
/* End PBXResourcesBuildPhase section */

/* Begin PBXSourcesBuildPhase section */
		D4384B7B2BDEB421006C824F /* Sources */ = {
			isa = PBXSourcesBuildPhase;
			buildActionMask = 2147483647;
			files = (
				1227AD652BEAB57400B88F1C /* ExpandableHeader.swift in Sources */,
				D4384B852BDEB421006C824F /* ContentView.swift in Sources */,
				D4384B832BDEB421006C824F /* fffApp.swift in Sources */,
				1227AD612BE6E8D900B88F1C /* ExperienceText.swift in Sources */,
				D4384B912BDEB7D8006C824F /* Color+Extensions.swift in Sources */,
				D4BC812D2BE4288700B5F162 /* AppColors.swift in Sources */,
			);
			runOnlyForDeploymentPostprocessing = 0;
		};
/* End PBXSourcesBuildPhase section */

/* Begin XCBuildConfiguration section */
		D4384B8B2BDEB423006C824F /* Debug */ = {
			isa = XCBuildConfiguration;
			buildSettings = {
				ALWAYS_SEARCH_USER_PATHS = NO;
				ASSETCATALOG_COMPILER_GENERATE_SWIFT_ASSET_SYMBOL_EXTENSIONS = YES;
				CLANG_ANALYZER_NONNULL = YES;
				CLANG_ANALYZER_NUMBER_OBJECT_CONVERSION = YES_AGGRESSIVE;
				CLANG_CXX_LANGUAGE_STANDARD = "gnu++20";
				CLANG_ENABLE_MODULES = YES;
				CLANG_ENABLE_OBJC_ARC = YES;
				CLANG_ENABLE_OBJC_WEAK = YES;
				CLANG_WARN_BLOCK_CAPTURE_AUTORELEASING = YES;
				CLANG_WARN_BOOL_CONVERSION = YES;
				CLANG_WARN_COMMA = YES;
				CLANG_WARN_CONSTANT_CONVERSION = YES;
				CLANG_WARN_DEPRECATED_OBJC_IMPLEMENTATIONS = YES;
				CLANG_WARN_DIRECT_OBJC_ISA_USAGE = YES_ERROR;
				CLANG_WARN_DOCUMENTATION_COMMENTS = YES;
				CLANG_WARN_EMPTY_BODY = YES;
				CLANG_WARN_ENUM_CONVERSION = YES;
				CLANG_WARN_INFINITE_RECURSION = YES;
				CLANG_WARN_INT_CONVERSION = YES;
				CLANG_WARN_NON_LITERAL_NULL_CONVERSION = YES;
				CLANG_WARN_OBJC_IMPLICIT_RETAIN_SELF = YES;
				CLANG_WARN_OBJC_LITERAL_CONVERSION = YES;
				CLANG_WARN_OBJC_ROOT_CLASS = YES_ERROR;
				CLANG_WARN_QUOTED_INCLUDE_IN_FRAMEWORK_HEADER = YES;
				CLANG_WARN_RANGE_LOOP_ANALYSIS = YES;
				CLANG_WARN_STRICT_PROTOTYPES = YES;
				CLANG_WARN_SUSPICIOUS_MOVE = YES;
				CLANG_WARN_UNGUARDED_AVAILABILITY = YES_AGGRESSIVE;
				CLANG_WARN_UNREACHABLE_CODE = YES;
				CLANG_WARN__DUPLICATE_METHOD_MATCH = YES;
				COPY_PHASE_STRIP = NO;
				DEBUG_INFORMATION_FORMAT = dwarf;
				ENABLE_STRICT_OBJC_MSGSEND = YES;
				ENABLE_TESTABILITY = YES;
				ENABLE_USER_SCRIPT_SANDBOXING = YES;
				GCC_C_LANGUAGE_STANDARD = gnu17;
				GCC_DYNAMIC_NO_PIC = NO;
				GCC_NO_COMMON_BLOCKS = YES;
				GCC_OPTIMIZATION_LEVEL = 0;
				GCC_PREPROCESSOR_DEFINITIONS = (
					"DEBUG=1",
					"$(inherited)",
				);
				GCC_WARN_64_TO_32_BIT_CONVERSION = YES;
				GCC_WARN_ABOUT_RETURN_TYPE = YES_ERROR;
				GCC_WARN_UNDECLARED_SELECTOR = YES;
				GCC_WARN_UNINITIALIZED_AUTOS = YES_AGGRESSIVE;
				GCC_WARN_UNUSED_FUNCTION = YES;
				GCC_WARN_UNUSED_VARIABLE = YES;
				IPHONEOS_DEPLOYMENT_TARGET = 17.2;
				LOCALIZATION_PREFERS_STRING_CATALOGS = YES;
				MTL_ENABLE_DEBUG_INFO = INCLUDE_SOURCE;
				MTL_FAST_MATH = YES;
				ONLY_ACTIVE_ARCH = YES;
				SDKROOT = iphoneos;
				SWIFT_ACTIVE_COMPILATION_CONDITIONS = "DEBUG $(inherited)";
				SWIFT_OPTIMIZATION_LEVEL = "-Onone";
			};
			name = Debug;
		};
		D4384B8C2BDEB423006C824F /* Release */ = {
			isa = XCBuildConfiguration;
			buildSettings = {
				ALWAYS_SEARCH_USER_PATHS = NO;
				ASSETCATALOG_COMPILER_GENERATE_SWIFT_ASSET_SYMBOL_EXTENSIONS = YES;
				CLANG_ANALYZER_NONNULL = YES;
				CLANG_ANALYZER_NUMBER_OBJECT_CONVERSION = YES_AGGRESSIVE;
				CLANG_CXX_LANGUAGE_STANDARD = "gnu++20";
				CLANG_ENABLE_MODULES = YES;
				CLANG_ENABLE_OBJC_ARC = YES;
				CLANG_ENABLE_OBJC_WEAK = YES;
				CLANG_WARN_BLOCK_CAPTURE_AUTORELEASING = YES;
				CLANG_WARN_BOOL_CONVERSION = YES;
				CLANG_WARN_COMMA = YES;
				CLANG_WARN_CONSTANT_CONVERSION = YES;
				CLANG_WARN_DEPRECATED_OBJC_IMPLEMENTATIONS = YES;
				CLANG_WARN_DIRECT_OBJC_ISA_USAGE = YES_ERROR;
				CLANG_WARN_DOCUMENTATION_COMMENTS = YES;
				CLANG_WARN_EMPTY_BODY = YES;
				CLANG_WARN_ENUM_CONVERSION = YES;
				CLANG_WARN_INFINITE_RECURSION = YES;
				CLANG_WARN_INT_CONVERSION = YES;
				CLANG_WARN_NON_LITERAL_NULL_CONVERSION = YES;
				CLANG_WARN_OBJC_IMPLICIT_RETAIN_SELF = YES;
				CLANG_WARN_OBJC_LITERAL_CONVERSION = YES;
				CLANG_WARN_OBJC_ROOT_CLASS = YES_ERROR;
				CLANG_WARN_QUOTED_INCLUDE_IN_FRAMEWORK_HEADER = YES;
				CLANG_WARN_RANGE_LOOP_ANALYSIS = YES;
				CLANG_WARN_STRICT_PROTOTYPES = YES;
				CLANG_WARN_SUSPICIOUS_MOVE = YES;
				CLANG_WARN_UNGUARDED_AVAILABILITY = YES_AGGRESSIVE;
				CLANG_WARN_UNREACHABLE_CODE = YES;
				CLANG_WARN__DUPLICATE_METHOD_MATCH = YES;
				COPY_PHASE_STRIP = NO;
				DEBUG_INFORMATION_FORMAT = "dwarf-with-dsym";
				ENABLE_NS_ASSERTIONS = NO;
				ENABLE_STRICT_OBJC_MSGSEND = YES;
				ENABLE_USER_SCRIPT_SANDBOXING = YES;
				GCC_C_LANGUAGE_STANDARD = gnu17;
				GCC_NO_COMMON_BLOCKS = YES;
				GCC_WARN_64_TO_32_BIT_CONVERSION = YES;
				GCC_WARN_ABOUT_RETURN_TYPE = YES_ERROR;
				GCC_WARN_UNDECLARED_SELECTOR = YES;
				GCC_WARN_UNINITIALIZED_AUTOS = YES_AGGRESSIVE;
				GCC_WARN_UNUSED_FUNCTION = YES;
				GCC_WARN_UNUSED_VARIABLE = YES;
				IPHONEOS_DEPLOYMENT_TARGET = 17.2;
				LOCALIZATION_PREFERS_STRING_CATALOGS = YES;
				MTL_ENABLE_DEBUG_INFO = NO;
				MTL_FAST_MATH = YES;
				SDKROOT = iphoneos;
				SWIFT_COMPILATION_MODE = wholemodule;
				VALIDATE_PRODUCT = YES;
			};
			name = Release;
		};
		D4384B8E2BDEB423006C824F /* Debug */ = {
			isa = XCBuildConfiguration;
			buildSettings = {
				ASSETCATALOG_COMPILER_APPICON_NAME = AppIcon;
				ASSETCATALOG_COMPILER_GLOBAL_ACCENT_COLOR_NAME = AccentColor;
				CODE_SIGN_STYLE = Automatic;
				CURRENT_PROJECT_VERSION = 1;
				DEVELOPMENT_ASSET_PATHS = "\"fff/Preview Content\"";
				DEVELOPMENT_TEAM = F8L822RGUB;
				ENABLE_PREVIEWS = YES;
				GENERATE_INFOPLIST_FILE = YES;
				INFOPLIST_KEY_UIApplicationSceneManifest_Generation = YES;
				INFOPLIST_KEY_UIApplicationSupportsIndirectInputEvents = YES;
				INFOPLIST_KEY_UILaunchScreen_Generation = YES;
				INFOPLIST_KEY_UISupportedInterfaceOrientations_iPad = "UIInterfaceOrientationPortrait UIInterfaceOrientationPortraitUpsideDown UIInterfaceOrientationLandscapeLeft UIInterfaceOrientationLandscapeRight";
				INFOPLIST_KEY_UISupportedInterfaceOrientations_iPhone = "UIInterfaceOrientationPortrait UIInterfaceOrientationLandscapeLeft UIInterfaceOrientationLandscapeRight";
				LD_RUNPATH_SEARCH_PATHS = (
					"$(inherited)",
					"@executable_path/Frameworks",
				);
				MARKETING_VERSION = 1.0;
				PRODUCT_BUNDLE_IDENTIFIER = fffilipeee.cvinteractive;
				PRODUCT_NAME = "$(TARGET_NAME)";
				SWIFT_EMIT_LOC_STRINGS = YES;
				SWIFT_VERSION = 5.0;
				TARGETED_DEVICE_FAMILY = "1,2";
			};
			name = Debug;
		};
		D4384B8F2BDEB423006C824F /* Release */ = {
			isa = XCBuildConfiguration;
			buildSettings = {
				ASSETCATALOG_COMPILER_APPICON_NAME = AppIcon;
				ASSETCATALOG_COMPILER_GLOBAL_ACCENT_COLOR_NAME = AccentColor;
				CODE_SIGN_STYLE = Automatic;
				CURRENT_PROJECT_VERSION = 1;
				DEVELOPMENT_ASSET_PATHS = "\"fff/Preview Content\"";
				DEVELOPMENT_TEAM = F8L822RGUB;
				ENABLE_PREVIEWS = YES;
				GENERATE_INFOPLIST_FILE = YES;
				INFOPLIST_KEY_UIApplicationSceneManifest_Generation = YES;
				INFOPLIST_KEY_UIApplicationSupportsIndirectInputEvents = YES;
				INFOPLIST_KEY_UILaunchScreen_Generation = YES;
				INFOPLIST_KEY_UISupportedInterfaceOrientations_iPad = "UIInterfaceOrientationPortrait UIInterfaceOrientationPortraitUpsideDown UIInterfaceOrientationLandscapeLeft UIInterfaceOrientationLandscapeRight";
				INFOPLIST_KEY_UISupportedInterfaceOrientations_iPhone = "UIInterfaceOrientationPortrait UIInterfaceOrientationLandscapeLeft UIInterfaceOrientationLandscapeRight";
				LD_RUNPATH_SEARCH_PATHS = (
					"$(inherited)",
					"@executable_path/Frameworks",
				);
				MARKETING_VERSION = 1.0;
				PRODUCT_BUNDLE_IDENTIFIER = fffilipeee.cvinteractive;
				PRODUCT_NAME = "$(TARGET_NAME)";
				SWIFT_EMIT_LOC_STRINGS = YES;
				SWIFT_VERSION = 5.0;
				TARGETED_DEVICE_FAMILY = "1,2";
			};
			name = Release;
		};
/* End XCBuildConfiguration section */

/* Begin XCConfigurationList section */
		D4384B7A2BDEB421006C824F /* Build configuration list for PBXProject "fff" */ = {
			isa = XCConfigurationList;
			buildConfigurations = (
				D4384B8B2BDEB423006C824F /* Debug */,
				D4384B8C2BDEB423006C824F /* Release */,
			);
			defaultConfigurationIsVisible = 0;
			defaultConfigurationName = Release;
		};
		D4384B8D2BDEB423006C824F /* Build configuration list for PBXNativeTarget "fff" */ = {
			isa = XCConfigurationList;
			buildConfigurations = (
				D4384B8E2BDEB423006C824F /* Debug */,
				D4384B8F2BDEB423006C824F /* Release */,
			);
			defaultConfigurationIsVisible = 0;
			defaultConfigurationName = Release;
		};
/* End XCConfigurationList section */
	};
	rootObject = D4384B772BDEB421006C824F /* Project object */;
}
